{
  "object": {
    "pins": [
      {
        "package": "JSBridge",
        "repositoryURL": "https://github.com/LinusU/JSBridge",
        "state": {
          "branch": null,
          "revision": "c928d6c86d1b353e47238a4b99684b3b98733119",
          "version": "1.0.0-alpha.10"
        }
      },
      {
        "package": "PromiseKit",
        "repositoryURL": "https://github.com/mxcl/PromiseKit",
        "state": {
          "branch": null,
          "revision": "019d21dbbf4b495c95d73d6490db73f647a494f4",
          "version": "6.6.1"
        }
      },
      {
        "package": "Signals",
        "repositoryURL": "https://github.com/artman/Signals",
        "state": {
          "branch": null,
          "revision": "e6266a1346c8480914cda001566a69c4d51fa15c",
          "version": "6.0.0"
        }
      }
    ]
  },
  "version": 1
}
